
Microsoft Visual Studio Solution File, Format Version 12.00
# Visual Studio Version 17
VisualStudioVersion = 17.7.34031.279
MinimumVisualStudioVersion = 10.0.40219.1
Project("{FAE04EC0-301F-11D3-BF4B-00C04F79EFBC}") = "Lab01", "Lab01\Lab01.csproj", "{A3D7B16C-390B-46CC-A5E0-80B2B8E06CB9}"
EndProject
Global
	GlobalSection(SolutionConfigurationPlatforms) = preSolution
		Debug|Any CPU = Debug|Any CPU
		Release|Any CPU = Release|Any CPU
	EndGlobalSection
	GlobalSection(ProjectConfigurationPlatforms) = postSolution
		{A3D7B16C-390B-46CC-A5E0-80B2B8E06CB9}.Debug|Any CPU.ActiveCfg = Debug|Any CPU
		{A3D7B16C-390B-46CC-A5E0-80B2B8E06CB9}.Debug|Any CPU.Build.0 = Debug|Any CPU
		{A3D7B16C-390B-46CC-A5E0-80B2B8E06CB9}.Release|Any CPU.ActiveCfg = Release|Any CPU
		{A3D7B16C-390B-46CC-A5E0-80B2B8E06CB9}.Release|Any CPU.Build.0 = Release|Any CPU
	EndGlobalSection
	GlobalSection(SolutionProperties) = preSolution
		HideSolutionNode = FALSE
	EndGlobalSection
	GlobalSection(ExtensibilityGlobals) = postSolution
		SolutionGuid = {4F890FCC-A60B-4286-8CFA-3F3F3F8DB490}
	EndGlobalSection
EndGlobal
